
Microsoft Visual Studio Solution File, Format Version 11.00
# Visual Studio 2010
Project("{911E67C6-3D85-4FCE-B560-20A9C3E3FF48}") = "Rebelle", "Rebelle.exe", "{451D0F6D-A73E-4F24-8FAB-A340FD866B1A}"
	ProjectSection(DebuggerProjectSystem) = preProject
		PortSupplier = 00000000-0000-0000-0000-000000000000
		Executable = C:\group_project\Rebelle_solution\Apps\Rebelle\Rebelle.exe
		RemoteMachine = BONGSUNG-PC
		StartingDirectory = C:\group_project\Rebelle_solution\Apps\Rebelle
		Environment = 기본값
		LaunchingEngine = 00000000-0000-0000-0000-000000000000
		LaunchSQLEngine = No
		AttachLaunchAction = No
	EndProjectSection
EndProject
Global
	GlobalSection(SolutionConfigurationPlatforms) = preSolution
		Debug|x86 = Debug|x86
	EndGlobalSection
	GlobalSection(ProjectConfigurationPlatforms) = postSolution
		{451D0F6D-A73E-4F24-8FAB-A340FD866B1A}.Debug|x86.ActiveCfg = Debug|x86
	EndGlobalSection
	GlobalSection(SolutionProperties) = preSolution
		HideSolutionNode = FALSE
	EndGlobalSection
EndGlobal
